
Microsoft Visual Studio Solution File, Format Version 12.00
# Visual Studio 15
VisualStudioVersion = 15.0.27703.2042
MinimumVisualStudioVersion = 10.0.40219.1
Project("{FAE04EC0-301F-11D3-BF4B-00C04F79EFBC}") = "String Inserter Y", "String Inserter Y\String Inserter Y.csproj", "{8673CDAA-3FA3-4522-B02B-D934141E5097}"
EndProject
Global
	GlobalSection(SolutionConfigurationPlatforms) = preSolution
		Debug|Any CPU = Debug|Any CPU
		Release|Any CPU = Release|Any CPU
	EndGlobalSection
	GlobalSection(ProjectConfigurationPlatforms) = postSolution
		{8673CDAA-3FA3-4522-B02B-D934141E5097}.Debug|Any CPU.ActiveCfg = Debug|Any CPU
		{8673CDAA-3FA3-4522-B02B-D934141E5097}.Debug|Any CPU.Build.0 = Debug|Any CPU
		{8673CDAA-3FA3-4522-B02B-D934141E5097}.Release|Any CPU.ActiveCfg = Release|Any CPU
		{8673CDAA-3FA3-4522-B02B-D934141E5097}.Release|Any CPU.Build.0 = Release|Any CPU
	EndGlobalSection
	GlobalSection(SolutionProperties) = preSolution
		HideSolutionNode = FALSE
	EndGlobalSection
	GlobalSection(ExtensibilityGlobals) = postSolution
		SolutionGuid = {BDF90D6B-7A10-41D2-BCCD-CF4F6D9FFA3B}
	EndGlobalSection
EndGlobal
